
Microsoft Visual Studio Solution File, Format Version 12.00
# Visual Studio Version 17
VisualStudioVersion = 17.2.32630.192
MinimumVisualStudioVersion = 10.0.40219.1
Project("{FAE04EC0-301F-11D3-BF4B-00C04F79EFBC}") = "TestNetworkPrint", "TestNetworkPrint\TestNetworkPrint.csproj", "{6F3C1C3D-94E4-4143-8136-BE5FBAE034B8}"
EndProject
Global
	GlobalSection(SolutionConfigurationPlatforms) = preSolution
		Debug|Any CPU = Debug|Any CPU
		Release|Any CPU = Release|Any CPU
	EndGlobalSection
	GlobalSection(ProjectConfigurationPlatforms) = postSolution
		{6F3C1C3D-94E4-4143-8136-BE5FBAE034B8}.Debug|Any CPU.ActiveCfg = Debug|Any CPU
		{6F3C1C3D-94E4-4143-8136-BE5FBAE034B8}.Debug|Any CPU.Build.0 = Debug|Any CPU
		{6F3C1C3D-94E4-4143-8136-BE5FBAE034B8}.Release|Any CPU.ActiveCfg = Release|Any CPU
		{6F3C1C3D-94E4-4143-8136-BE5FBAE034B8}.Release|Any CPU.Build.0 = Release|Any CPU
	EndGlobalSection
	GlobalSection(SolutionProperties) = preSolution
		HideSolutionNode = FALSE
	EndGlobalSection
	GlobalSection(ExtensibilityGlobals) = postSolution
		SolutionGuid = {6B55447F-2461-4F4F-B093-A2A38632C24F}
	EndGlobalSection
EndGlobal
